
Microsoft Visual Studio Solution File, Format Version 12.00
# Visual Studio Version 17
VisualStudioVersion = 17.0.31903.59
MinimumVisualStudioVersion = 10.0.40219.1
Project("{9A19103F-16F7-4668-BE54-9A1E7A4F7556}") = "VerivoxTest.Application.API", "VerivoxTest.API\VerivoxTest.Application.API.csproj", "{AE39CDD5-A800-4CC4-9091-D41194683600}"
EndProject
Project("{9A19103F-16F7-4668-BE54-9A1E7A4F7556}") = "VerivoxTest.Application", "VerivoxTest.Application\VerivoxTest.Application.csproj", "{BA64ED39-973A-482F-A96B-5CC275062F03}"
EndProject
Project("{9A19103F-16F7-4668-BE54-9A1E7A4F7556}") = "VerivoxTest.Domain", "VerivoxTest.Domain\VerivoxTest.Domain.csproj", "{7218BEAE-BF3E-42E4-9D82-2C9AF5D713FA}"
EndProject
Project("{FAE04EC0-301F-11D3-BF4B-00C04F79EFBC}") = "VerivoxTest.Infrastructure", "VerivoxTest.Infrastructure\VerivoxTest.Infrastructure.csproj", "{25356084-A1D2-4866-8E58-CB34E8747E34}"
EndProject
Global
	GlobalSection(SolutionConfigurationPlatforms) = preSolution
		Debug|Any CPU = Debug|Any CPU
		Release|Any CPU = Release|Any CPU
	EndGlobalSection
	GlobalSection(ProjectConfigurationPlatforms) = postSolution
		{AE39CDD5-A800-4CC4-9091-D41194683600}.Debug|Any CPU.ActiveCfg = Debug|Any CPU
		{AE39CDD5-A800-4CC4-9091-D41194683600}.Debug|Any CPU.Build.0 = Debug|Any CPU
		{AE39CDD5-A800-4CC4-9091-D41194683600}.Release|Any CPU.ActiveCfg = Release|Any CPU
		{AE39CDD5-A800-4CC4-9091-D41194683600}.Release|Any CPU.Build.0 = Release|Any CPU
		{BA64ED39-973A-482F-A96B-5CC275062F03}.Debug|Any CPU.ActiveCfg = Debug|Any CPU
		{BA64ED39-973A-482F-A96B-5CC275062F03}.Debug|Any CPU.Build.0 = Debug|Any CPU
		{BA64ED39-973A-482F-A96B-5CC275062F03}.Release|Any CPU.ActiveCfg = Release|Any CPU
		{BA64ED39-973A-482F-A96B-5CC275062F03}.Release|Any CPU.Build.0 = Release|Any CPU
		{7218BEAE-BF3E-42E4-9D82-2C9AF5D713FA}.Debug|Any CPU.ActiveCfg = Debug|Any CPU
		{7218BEAE-BF3E-42E4-9D82-2C9AF5D713FA}.Debug|Any CPU.Build.0 = Debug|Any CPU
		{7218BEAE-BF3E-42E4-9D82-2C9AF5D713FA}.Release|Any CPU.ActiveCfg = Release|Any CPU
		{7218BEAE-BF3E-42E4-9D82-2C9AF5D713FA}.Release|Any CPU.Build.0 = Release|Any CPU
		{25356084-A1D2-4866-8E58-CB34E8747E34}.Debug|Any CPU.ActiveCfg = Debug|Any CPU
		{25356084-A1D2-4866-8E58-CB34E8747E34}.Debug|Any CPU.Build.0 = Debug|Any CPU
		{25356084-A1D2-4866-8E58-CB34E8747E34}.Release|Any CPU.ActiveCfg = Release|Any CPU
		{25356084-A1D2-4866-8E58-CB34E8747E34}.Release|Any CPU.Build.0 = Release|Any CPU
	EndGlobalSection
	GlobalSection(SolutionProperties) = preSolution
		HideSolutionNode = FALSE
	EndGlobalSection
	GlobalSection(ExtensibilityGlobals) = postSolution
		SolutionGuid = {EA51C34C-1C03-430A-9B39-66FB9170F1C2}
	EndGlobalSection
EndGlobal
